
Microsoft Visual Studio Solution File, Format Version 12.00
# Visual Studio Version 16
VisualStudioVersion = 25.0.1704.2
MinimumVisualStudioVersion = 10.0.40219.1
Project("{FAE04EC0-301F-11D3-BF4B-00C04F79EFBC}") = "Anonymous Income Comparison Program", "Anonymous Income Comparison Program\Anonymous Income Comparison Program.csproj", "{2D511147-0236-42D1-A4E2-754B010ED649}"
EndProject
Global
	GlobalSection(SolutionConfigurationPlatforms) = preSolution
		Debug|Any CPU = Debug|Any CPU
		Release|Any CPU = Release|Any CPU
	EndGlobalSection
	GlobalSection(ProjectConfigurationPlatforms) = postSolution
		{2D511147-0236-42D1-A4E2-754B010ED649}.Debug|Any CPU.ActiveCfg = Debug|Any CPU
		{2D511147-0236-42D1-A4E2-754B010ED649}.Debug|Any CPU.Build.0 = Debug|Any CPU
		{2D511147-0236-42D1-A4E2-754B010ED649}.Release|Any CPU.ActiveCfg = Release|Any CPU
		{2D511147-0236-42D1-A4E2-754B010ED649}.Release|Any CPU.Build.0 = Release|Any CPU
	EndGlobalSection
	GlobalSection(SolutionProperties) = preSolution
		HideSolutionNode = FALSE
	EndGlobalSection
	GlobalSection(ExtensibilityGlobals) = postSolution
		SolutionGuid = {6D94DF9B-A3AC-4C2E-88E2-C260FC5CE7B5}
	EndGlobalSection
EndGlobal
